{
  "version": 4,
  "terraform_version": "1.8.5",
  "serial": 52,
  "lineage": "d03abfaf-d86d-61f2-203f-76bf2928cd8d",
  "outputs": {
    "vm-ip": {
      "value": "13.90.101.52",
      "type": "string"
    }
  },
  "resources": [
    {
      "mode": "managed",
      "type": "azurerm_linux_virtual_machine",
      "name": "testing",
      "provider": "provider[\"registry.terraform.io/hashicorp/azurerm\"]",
      "instances": [
        {
          "schema_version": 0,
          "attributes": {
            "additional_capabilities": [],
            "admin_password": null,
            "admin_ssh_key": [
              {
                "public_key": "ssh-rsa AAAAB3NzaC1yc2EAAAADAQABAAACAQC/PU8qLw/XPzJ5OIYjncSsbZlIBx7orcY1eRVtdjmUAvJY66T4Ut7HuC35b2j1/ymUugNIRRog4KJY5ZrN8K4zs2LzVhUg1wbAuu4IcNvowC3yNw7cupUSDZL2IYCyKVmmcMUJHQ05FygQ9Ar/cbkPM93POchkQQuMQJAFEwQMHPz1pe4Pz/mk+ewvC/rsGq2+/hYTCNi/CRLFfi7DJqarHJnNTo7XTz3YbnbIV0z7QV9Jfqmk3x7JMkIOlXZW5QRbUw8XqRlnAoPDLAJcKm23q9q3pBIzoG5Up7HLnJX3JyiLXcyjzdU4rljjjnMKotCTgsiC8vmgjfxIgQILamH73RynusEuVD2U8YO9r8G25yVp83X1DKdKQH/6X0zaVwQxuWfo8jjCJFsEF+MAzI7bAD3fCfVpkQkCqj7rw5XfDgOn5NjGhjZYFD6eKYwVbU6AytoHG1koxHj8Jmzn6czAs6+ZksBpdZIQSe4MeJSM0v6iJ4P0bOm4PR2/NJWU2LyfqVWGj578b5hkJczPC7nwxXhkcsY6k6nnNymX7dHEAJycx4n5fP4xryxOwlWJj6dJehnjylzbABLzAPn2qc85QCpVGONm1uc9V3/9zS2O3GYLq5BTHhmGMBSgcNt1AmT1cnKTaR8lvGesUZmUwqDupz9T959WJfhB+0R8683eHQ== sushi@cute-lappy-ThinkPad-T14-Gen-2i\n",
                "username": "admin_123"
              }
            ],
            "admin_username": "admin_123",
            "allow_extension_operations": true,
            "availability_set_id": "",
            "boot_diagnostics": [],
            "bypass_platform_safety_checks_on_user_schedule_enabled": false,
            "capacity_reservation_group_id": "",
            "computer_name": "testing-vm",
            "custom_data": null,
            "dedicated_host_group_id": "",
            "dedicated_host_id": "",
            "disable_password_authentication": true,
            "disk_controller_type": "",
            "edge_zone": "",
            "encryption_at_host_enabled": false,
            "eviction_policy": "",
            "extensions_time_budget": "PT1H30M",
            "gallery_application": [],
            "id": "/subscriptions/a685b01a-c08b-4bc7-b9c5-6b368e786207/resourceGroups/Azure-testing/providers/Microsoft.Compute/virtualMachines/testing-vm",
            "identity": [],
            "license_type": "",
            "location": "eastus",
            "max_bid_price": -1,
            "name": "testing-vm",
            "network_interface_ids": [
              "/subscriptions/a685b01a-c08b-4bc7-b9c5-6b368e786207/resourceGroups/Azure-testing/providers/Microsoft.Network/networkInterfaces/testing-ANI"
            ],
            "os_disk": [
              {
                "caching": "ReadWrite",
                "diff_disk_settings": [],
                "disk_encryption_set_id": "",
                "disk_size_gb": 30,
                "name": "testing-vm_OsDisk_1_be9462c8ff8249159161c09bfa6514b4",
                "secure_vm_disk_encryption_set_id": "",
                "security_encryption_type": "",
                "storage_account_type": "Standard_LRS",
                "write_accelerator_enabled": false
              }
            ],
            "os_image_notification": [],
            "patch_assessment_mode": "ImageDefault",
            "patch_mode": "ImageDefault",
            "plan": [],
            "platform_fault_domain": -1,
            "priority": "Regular",
            "private_ip_address": "10.0.2.4",
            "private_ip_addresses": [
              "10.0.2.4"
            ],
            "provision_vm_agent": true,
            "proximity_placement_group_id": "",
            "public_ip_address": "13.90.101.52",
            "public_ip_addresses": [
              "13.90.101.52"
            ],
            "reboot_setting": "",
            "resource_group_name": "Azure-testing",
            "secret": [],
            "secure_boot_enabled": false,
            "size": "Standard_F1",
            "source_image_id": "",
            "source_image_reference": [
              {
                "offer": "ubuntu-24_04-lts",
                "publisher": "Canonical",
                "sku": "server-gen1",
                "version": "latest"
              }
            ],
            "tags": {},
            "termination_notification": [],
            "timeouts": null,
            "user_data": "",
            "virtual_machine_id": "b624fc28-c74b-434b-af4a-a99089a613b9",
            "virtual_machine_scale_set_id": "",
            "vm_agent_platform_updates_enabled": false,
            "vtpm_enabled": false,
            "zone": ""
          },
          "sensitive_attributes": [
            [
              {
                "type": "get_attr",
                "value": "custom_data"
              }
            ],
            [
              {
                "type": "get_attr",
                "value": "admin_password"
              }
            ]
          ],
          "private": "eyJlMmJmYjczMC1lY2FhLTExZTYtOGY4OC0zNDM2M2JjN2M0YzAiOnsiY3JlYXRlIjoyNzAwMDAwMDAwMDAwLCJkZWxldGUiOjI3MDAwMDAwMDAwMDAsInJlYWQiOjMwMDAwMDAwMDAwMCwidXBkYXRlIjoyNzAwMDAwMDAwMDAwfX0=",
          "dependencies": [
            "azurerm_network_interface.testing",
            "azurerm_public_ip.testing",
            "azurerm_subnet.testing",
            "azurerm_virtual_network.testing"
          ]
        }
      ]
    },
    {
      "mode": "managed",
      "type": "azurerm_network_interface",
      "name": "testing",
      "provider": "provider[\"registry.terraform.io/hashicorp/azurerm\"]",
      "instances": [
        {
          "schema_version": 0,
          "attributes": {
            "applied_dns_servers": [],
            "auxiliary_mode": "",
            "auxiliary_sku": "",
            "dns_servers": [],
            "edge_zone": "",
            "enable_accelerated_networking": false,
            "enable_ip_forwarding": false,
            "id": "/subscriptions/a685b01a-c08b-4bc7-b9c5-6b368e786207/resourceGroups/Azure-testing/providers/Microsoft.Network/networkInterfaces/testing-ANI",
            "internal_dns_name_label": "",
            "internal_domain_name_suffix": "esctotjjrjhunm12ogwmgo3awh.bx.internal.cloudapp.net",
            "ip_configuration": [
              {
                "gateway_load_balancer_frontend_ip_configuration_id": "",
                "name": "internal",
                "primary": true,
                "private_ip_address": "10.0.2.4",
                "private_ip_address_allocation": "Dynamic",
                "private_ip_address_version": "IPv4",
                "public_ip_address_id": "/subscriptions/a685b01a-c08b-4bc7-b9c5-6b368e786207/resourceGroups/Azure-testing/providers/Microsoft.Network/publicIPAddresses/acceptanceTestPublicIp1",
                "subnet_id": "/subscriptions/a685b01a-c08b-4bc7-b9c5-6b368e786207/resourceGroups/Azure-testing/providers/Microsoft.Network/virtualNetworks/testing-vnet/subnets/testing-internal"
              }
            ],
            "location": "eastus",
            "mac_address": "00-0D-3A-98-64-27",
            "name": "testing-ANI",
            "private_ip_address": "10.0.2.4",
            "private_ip_addresses": [
              "10.0.2.4"
            ],
            "resource_group_name": "Azure-testing",
            "tags": {},
            "timeouts": null,
            "virtual_machine_id": "/subscriptions/a685b01a-c08b-4bc7-b9c5-6b368e786207/resourceGroups/Azure-testing/providers/Microsoft.Compute/virtualMachines/testing-vm"
          },
          "sensitive_attributes": [],
          "private": "eyJlMmJmYjczMC1lY2FhLTExZTYtOGY4OC0zNDM2M2JjN2M0YzAiOnsiY3JlYXRlIjoxODAwMDAwMDAwMDAwLCJkZWxldGUiOjE4MDAwMDAwMDAwMDAsInJlYWQiOjMwMDAwMDAwMDAwMCwidXBkYXRlIjoxODAwMDAwMDAwMDAwfX0=",
          "dependencies": [
            "azurerm_public_ip.testing",
            "azurerm_subnet.testing",
            "azurerm_virtual_network.testing"
          ]
        }
      ]
    },
    {
      "mode": "managed",
      "type": "azurerm_network_security_group",
      "name": "testing",
      "provider": "provider[\"registry.terraform.io/hashicorp/azurerm\"]",
      "instances": [
        {
          "schema_version": 0,
          "attributes": {
            "id": "/subscriptions/a685b01a-c08b-4bc7-b9c5-6b368e786207/resourceGroups/Azure-testing/providers/Microsoft.Network/networkSecurityGroups/testing-sg",
            "location": "eastus",
            "name": "testing-sg",
            "resource_group_name": "Azure-testing",
            "security_rule": [
              {
                "access": "Allow",
                "description": "",
                "destination_address_prefix": "*",
                "destination_address_prefixes": [],
                "destination_application_security_group_ids": [],
                "destination_port_range": "443",
                "destination_port_ranges": [],
                "direction": "Inbound",
                "name": "HTTPS",
                "priority": 998,
                "protocol": "Tcp",
                "source_address_prefix": "*",
                "source_address_prefixes": [],
                "source_application_security_group_ids": [],
                "source_port_range": "*",
                "source_port_ranges": []
              },
              {
                "access": "Allow",
                "description": "",
                "destination_address_prefix": "*",
                "destination_address_prefixes": [],
                "destination_application_security_group_ids": [],
                "destination_port_range": "80",
                "destination_port_ranges": [],
                "direction": "Inbound",
                "name": "HTTP",
                "priority": 1001,
                "protocol": "Tcp",
                "source_address_prefix": "*",
                "source_address_prefixes": [],
                "source_application_security_group_ids": [],
                "source_port_range": "*",
                "source_port_ranges": []
              },
              {
                "access": "Allow",
                "description": "",
                "destination_address_prefix": "*",
                "destination_address_prefixes": [],
                "destination_application_security_group_ids": [],
                "destination_port_range": "8080",
                "destination_port_ranges": [],
                "direction": "Inbound",
                "name": "TEST",
                "priority": 990,
                "protocol": "Tcp",
                "source_address_prefix": "*",
                "source_address_prefixes": [],
                "source_application_security_group_ids": [],
                "source_port_range": "*",
                "source_port_ranges": []
              }
            ],
            "tags": null,
            "timeouts": null
          },
          "sensitive_attributes": [],
          "private": "eyJlMmJmYjczMC1lY2FhLTExZTYtOGY4OC0zNDM2M2JjN2M0YzAiOnsiY3JlYXRlIjoxODAwMDAwMDAwMDAwLCJkZWxldGUiOjE4MDAwMDAwMDAwMDAsInJlYWQiOjMwMDAwMDAwMDAwMCwidXBkYXRlIjoxODAwMDAwMDAwMDAwfX0="
        }
      ]
    },
    {
      "mode": "managed",
      "type": "azurerm_public_ip",
      "name": "testing",
      "provider": "provider[\"registry.terraform.io/hashicorp/azurerm\"]",
      "instances": [
        {
          "schema_version": 0,
          "attributes": {
            "allocation_method": "Static",
            "ddos_protection_mode": "VirtualNetworkInherited",
            "ddos_protection_plan_id": null,
            "domain_name_label": null,
            "edge_zone": "",
            "fqdn": null,
            "id": "/subscriptions/a685b01a-c08b-4bc7-b9c5-6b368e786207/resourceGroups/Azure-testing/providers/Microsoft.Network/publicIPAddresses/acceptanceTestPublicIp1",
            "idle_timeout_in_minutes": 4,
            "ip_address": "13.90.101.52",
            "ip_tags": {},
            "ip_version": "IPv4",
            "location": "eastus",
            "name": "acceptanceTestPublicIp1",
            "public_ip_prefix_id": null,
            "resource_group_name": "Azure-testing",
            "reverse_fqdn": null,
            "sku": "Basic",
            "sku_tier": "Regional",
            "tags": {
              "environment": "ghost"
            },
            "timeouts": null,
            "zones": []
          },
          "sensitive_attributes": [],
          "private": "eyJlMmJmYjczMC1lY2FhLTExZTYtOGY4OC0zNDM2M2JjN2M0YzAiOnsiY3JlYXRlIjoxODAwMDAwMDAwMDAwLCJkZWxldGUiOjE4MDAwMDAwMDAwMDAsInJlYWQiOjMwMDAwMDAwMDAwMCwidXBkYXRlIjoxODAwMDAwMDAwMDAwfX0="
        }
      ]
    },
    {
      "mode": "managed",
      "type": "azurerm_subnet",
      "name": "testing",
      "provider": "provider[\"registry.terraform.io/hashicorp/azurerm\"]",
      "instances": [
        {
          "schema_version": 0,
          "attributes": {
            "address_prefixes": [
              "10.0.2.0/24"
            ],
            "default_outbound_access_enabled": true,
            "delegation": [],
            "enforce_private_link_endpoint_network_policies": false,
            "enforce_private_link_service_network_policies": false,
            "id": "/subscriptions/a685b01a-c08b-4bc7-b9c5-6b368e786207/resourceGroups/Azure-testing/providers/Microsoft.Network/virtualNetworks/testing-vnet/subnets/testing-internal",
            "name": "testing-internal",
            "private_endpoint_network_policies": "Enabled",
            "private_endpoint_network_policies_enabled": true,
            "private_link_service_network_policies_enabled": true,
            "resource_group_name": "Azure-testing",
            "service_endpoint_policy_ids": [],
            "service_endpoints": [],
            "timeouts": null,
            "virtual_network_name": "testing-vnet"
          },
          "sensitive_attributes": [],
          "private": "eyJlMmJmYjczMC1lY2FhLTExZTYtOGY4OC0zNDM2M2JjN2M0YzAiOnsiY3JlYXRlIjoxODAwMDAwMDAwMDAwLCJkZWxldGUiOjE4MDAwMDAwMDAwMDAsInJlYWQiOjMwMDAwMDAwMDAwMCwidXBkYXRlIjoxODAwMDAwMDAwMDAwfX0=",
          "dependencies": [
            "azurerm_virtual_network.testing"
          ]
        }
      ]
    },
    {
      "mode": "managed",
      "type": "azurerm_virtual_network",
      "name": "testing",
      "provider": "provider[\"registry.terraform.io/hashicorp/azurerm\"]",
      "instances": [
        {
          "schema_version": 0,
          "attributes": {
            "address_space": [
              "10.0.0.0/16"
            ],
            "bgp_community": "",
            "ddos_protection_plan": [],
            "dns_servers": [],
            "edge_zone": "",
            "encryption": [],
            "flow_timeout_in_minutes": 0,
            "guid": "4d378524-8a29-464f-b37c-71acc33ba0b7",
            "id": "/subscriptions/a685b01a-c08b-4bc7-b9c5-6b368e786207/resourceGroups/Azure-testing/providers/Microsoft.Network/virtualNetworks/testing-vnet",
            "location": "eastus",
            "name": "testing-vnet",
            "resource_group_name": "Azure-testing",
            "subnet": [
              {
                "address_prefix": "10.0.2.0/24",
                "id": "/subscriptions/a685b01a-c08b-4bc7-b9c5-6b368e786207/resourceGroups/Azure-testing/providers/Microsoft.Network/virtualNetworks/testing-vnet/subnets/testing-internal",
                "name": "testing-internal",
                "security_group": ""
              }
            ],
            "tags": {},
            "timeouts": null
          },
          "sensitive_attributes": [],
          "private": "eyJlMmJmYjczMC1lY2FhLTExZTYtOGY4OC0zNDM2M2JjN2M0YzAiOnsiY3JlYXRlIjoxODAwMDAwMDAwMDAwLCJkZWxldGUiOjE4MDAwMDAwMDAwMDAsInJlYWQiOjMwMDAwMDAwMDAwMCwidXBkYXRlIjoxODAwMDAwMDAwMDAwfX0="
        }
      ]
    },
    {
      "mode": "managed",
      "type": "cloudflare_record",
      "name": "sre",
      "provider": "provider[\"registry.terraform.io/cloudflare/cloudflare\"]",
      "instances": [
        {
          "schema_version": 2,
          "attributes": {
            "allow_overwrite": false,
            "comment": "",
            "created_on": "2024-06-08T09:44:36.366123Z",
            "data": [],
            "hostname": "sre.lordvader.me",
            "id": "9858fbf70b4b7335bb1e16156eb82a6a",
            "metadata": {
              "auto_added": "false",
              "managed_by_apps": "false",
              "managed_by_argo_tunnel": "false"
            },
            "modified_on": "2024-06-08T09:44:36.366123Z",
            "name": "sre",
            "priority": null,
            "proxiable": true,
            "proxied": false,
            "tags": [],
            "timeouts": null,
            "ttl": 1,
            "type": "A",
            "value": "13.90.101.52",
            "zone_id": "aae45dfacad0c26ecfe3744274e13fb6"
          },
          "sensitive_attributes": [],
          "private": "eyJlMmJmYjczMC1lY2FhLTExZTYtOGY4OC0zNDM2M2JjN2M0YzAiOnsiY3JlYXRlIjozMDAwMDAwMDAwMCwidXBkYXRlIjozMDAwMDAwMDAwMH0sInNjaGVtYV92ZXJzaW9uIjoiMiJ9",
          "dependencies": [
            "azurerm_public_ip.testing"
          ]
        }
      ]
    }
  ],
  "check_results": null
}
