{
  "version": 4,
  "terraform_version": "1.8.5",
  "serial": 35,
  "lineage": "3f04ce39-18e1-9daf-ff36-ee21350d4cbf",
  "outputs": {},
  "resources": [
    {
      "mode": "managed",
      "type": "azurerm_linux_virtual_machine_scale_set",
      "name": "testing",
      "provider": "provider[\"registry.terraform.io/hashicorp/azurerm\"]",
      "instances": [
        {
          "schema_version": 0,
          "attributes": {
            "additional_capabilities": [],
            "admin_password": null,
            "admin_ssh_key": [
              {
                "public_key": "ssh-rsa AAAAB3NzaC1yc2EAAAADAQABAAACAQC/PU8qLw/XPzJ5OIYjncSsbZlIBx7orcY1eRVtdjmUAvJY66T4Ut7HuC35b2j1/ymUugNIRRog4KJY5ZrN8K4zs2LzVhUg1wbAuu4IcNvowC3yNw7cupUSDZL2IYCyKVmmcMUJHQ05FygQ9Ar/cbkPM93POchkQQuMQJAFEwQMHPz1pe4Pz/mk+ewvC/rsGq2+/hYTCNi/CRLFfi7DJqarHJnNTo7XTz3YbnbIV0z7QV9Jfqmk3x7JMkIOlXZW5QRbUw8XqRlnAoPDLAJcKm23q9q3pBIzoG5Up7HLnJX3JyiLXcyjzdU4rljjjnMKotCTgsiC8vmgjfxIgQILamH73RynusEuVD2U8YO9r8G25yVp83X1DKdKQH/6X0zaVwQxuWfo8jjCJFsEF+MAzI7bAD3fCfVpkQkCqj7rw5XfDgOn5NjGhjZYFD6eKYwVbU6AytoHG1koxHj8Jmzn6czAs6+ZksBpdZIQSe4MeJSM0v6iJ4P0bOm4PR2/NJWU2LyfqVWGj578b5hkJczPC7nwxXhkcsY6k6nnNymX7dHEAJycx4n5fP4xryxOwlWJj6dJehnjylzbABLzAPn2qc85QCpVGONm1uc9V3/9zS2O3GYLq5BTHhmGMBSgcNt1AmT1cnKTaR8lvGesUZmUwqDupz9T959WJfhB+0R8683eHQ== sushi@cute-lappy-ThinkPad-T14-Gen-2i\n",
                "username": "azure"
              }
            ],
            "admin_username": "azure",
            "automatic_instance_repair": [
              {
                "enabled": false,
                "grace_period": "PT30M"
              }
            ],
            "automatic_os_upgrade_policy": [],
            "boot_diagnostics": [],
            "capacity_reservation_group_id": "",
            "computer_name_prefix": "testing-vms",
            "custom_data": null,
            "data_disk": [],
            "disable_password_authentication": true,
            "do_not_run_extensions_on_overprovisioned_machines": false,
            "edge_zone": "",
            "encryption_at_host_enabled": false,
            "eviction_policy": "",
            "extension": [],
            "extension_operations_enabled": true,
            "extensions_time_budget": "PT1H30M",
            "gallery_application": null,
            "gallery_applications": null,
            "health_probe_id": "",
            "host_group_id": null,
            "id": "/subscriptions/a685b01a-c08b-4bc7-b9c5-6b368e786207/resourceGroups/testing-vm/providers/Microsoft.Compute/virtualMachineScaleSets/testing-vms",
            "identity": [],
            "instances": 1,
            "location": "eastasia",
            "max_bid_price": -1,
            "name": "testing-vms",
            "network_interface": [
              {
                "dns_servers": null,
                "enable_accelerated_networking": false,
                "enable_ip_forwarding": false,
                "ip_configuration": [
                  {
                    "application_gateway_backend_address_pool_ids": null,
                    "application_security_group_ids": null,
                    "load_balancer_backend_address_pool_ids": null,
                    "load_balancer_inbound_nat_rules_ids": null,
                    "name": "internal",
                    "primary": true,
                    "public_ip_address": [],
                    "subnet_id": "/subscriptions/a685b01a-c08b-4bc7-b9c5-6b368e786207/resourceGroups/testing-vm/providers/Microsoft.Network/virtualNetworks/testing-network/subnets/internal",
                    "version": "IPv4"
                  }
                ],
                "name": "interface",
                "network_security_group_id": "/subscriptions/a685b01a-c08b-4bc7-b9c5-6b368e786207/resourceGroups/testing-vm/providers/Microsoft.Network/networkSecurityGroups/allow-ssh",
                "primary": true
              }
            ],
            "os_disk": [
              {
                "caching": "ReadWrite",
                "diff_disk_settings": [],
                "disk_encryption_set_id": "",
                "disk_size_gb": 30,
                "secure_vm_disk_encryption_set_id": "",
                "security_encryption_type": "",
                "storage_account_type": "Standard_LRS",
                "write_accelerator_enabled": false
              }
            ],
            "overprovision": true,
            "plan": [],
            "platform_fault_domain_count": 5,
            "priority": "Regular",
            "provision_vm_agent": true,
            "proximity_placement_group_id": "",
            "resource_group_name": "testing-vm",
            "rolling_upgrade_policy": [],
            "scale_in": [
              {
                "force_deletion_enabled": false,
                "rule": "Default"
              }
            ],
            "scale_in_policy": "Default",
            "secret": [],
            "secure_boot_enabled": false,
            "single_placement_group": true,
            "sku": "Standard_B1s",
            "source_image_id": "",
            "source_image_reference": [
              {
                "offer": "ubuntu-24_04-lts",
                "publisher": "Canonical",
                "sku": "server-gen1",
                "version": "latest"
              }
            ],
            "spot_restore": null,
            "tags": null,
            "terminate_notification": null,
            "termination_notification": null,
            "timeouts": null,
            "unique_id": "01f80641-a88f-4247-a821-b145d831ab86",
            "upgrade_mode": "Manual",
            "user_data": "",
            "vtpm_enabled": false,
            "zone_balance": false,
            "zones": null
          },
          "sensitive_attributes": [
            [
              {
                "type": "get_attr",
                "value": "admin_password"
              }
            ],
            [
              {
                "type": "get_attr",
                "value": "custom_data"
              }
            ]
          ],
          "private": "eyJlMmJmYjczMC1lY2FhLTExZTYtOGY4OC0zNDM2M2JjN2M0YzAiOnsiY3JlYXRlIjozNjAwMDAwMDAwMDAwLCJkZWxldGUiOjM2MDAwMDAwMDAwMDAsInJlYWQiOjMwMDAwMDAwMDAwMCwidXBkYXRlIjozNjAwMDAwMDAwMDAwfX0=",
          "dependencies": [
            "azurerm_network_security_group.testing",
            "azurerm_resource_group.testing",
            "azurerm_subnet.internal",
            "azurerm_virtual_network.testing"
          ]
        }
      ]
    },
    {
      "mode": "managed",
      "type": "azurerm_network_security_group",
      "name": "testing",
      "provider": "provider[\"registry.terraform.io/hashicorp/azurerm\"]",
      "instances": [
        {
          "schema_version": 0,
          "attributes": {
            "id": "/subscriptions/a685b01a-c08b-4bc7-b9c5-6b368e786207/resourceGroups/testing-vm/providers/Microsoft.Network/networkSecurityGroups/allow-ssh",
            "location": "eastasia",
            "name": "allow-ssh",
            "resource_group_name": "testing-vm",
            "security_rule": [
              {
                "access": "Allow",
                "description": "",
                "destination_address_prefix": "*",
                "destination_address_prefixes": [],
                "destination_application_security_group_ids": [],
                "destination_port_range": "22",
                "destination_port_ranges": [],
                "direction": "Inbound",
                "name": "SSH",
                "priority": 1001,
                "protocol": "Tcp",
                "source_address_prefix": "*",
                "source_address_prefixes": [],
                "source_application_security_group_ids": [],
                "source_port_range": "*",
                "source_port_ranges": []
              }
            ],
            "tags": {},
            "timeouts": null
          },
          "sensitive_attributes": [],
          "private": "eyJlMmJmYjczMC1lY2FhLTExZTYtOGY4OC0zNDM2M2JjN2M0YzAiOnsiY3JlYXRlIjoxODAwMDAwMDAwMDAwLCJkZWxldGUiOjE4MDAwMDAwMDAwMDAsInJlYWQiOjMwMDAwMDAwMDAwMCwidXBkYXRlIjoxODAwMDAwMDAwMDAwfX0=",
          "dependencies": [
            "azurerm_resource_group.testing"
          ]
        }
      ]
    },
    {
      "mode": "managed",
      "type": "azurerm_resource_group",
      "name": "testing",
      "provider": "provider[\"registry.terraform.io/hashicorp/azurerm\"]",
      "instances": [
        {
          "schema_version": 0,
          "attributes": {
            "id": "/subscriptions/a685b01a-c08b-4bc7-b9c5-6b368e786207/resourceGroups/testing-vm",
            "location": "eastasia",
            "managed_by": "",
            "name": "testing-vm",
            "tags": {},
            "timeouts": null
          },
          "sensitive_attributes": [],
          "private": "eyJlMmJmYjczMC1lY2FhLTExZTYtOGY4OC0zNDM2M2JjN2M0YzAiOnsiY3JlYXRlIjo1NDAwMDAwMDAwMDAwLCJkZWxldGUiOjU0MDAwMDAwMDAwMDAsInJlYWQiOjMwMDAwMDAwMDAwMCwidXBkYXRlIjo1NDAwMDAwMDAwMDAwfX0="
        }
      ]
    },
    {
      "mode": "managed",
      "type": "azurerm_subnet",
      "name": "internal",
      "provider": "provider[\"registry.terraform.io/hashicorp/azurerm\"]",
      "instances": [
        {
          "schema_version": 0,
          "attributes": {
            "address_prefixes": [
              "10.0.2.0/24"
            ],
            "default_outbound_access_enabled": true,
            "delegation": [],
            "enforce_private_link_endpoint_network_policies": false,
            "enforce_private_link_service_network_policies": false,
            "id": "/subscriptions/a685b01a-c08b-4bc7-b9c5-6b368e786207/resourceGroups/testing-vm/providers/Microsoft.Network/virtualNetworks/testing-network/subnets/internal",
            "name": "internal",
            "private_endpoint_network_policies": "Enabled",
            "private_endpoint_network_policies_enabled": true,
            "private_link_service_network_policies_enabled": true,
            "resource_group_name": "testing-vm",
            "service_endpoint_policy_ids": [],
            "service_endpoints": [],
            "timeouts": null,
            "virtual_network_name": "testing-network"
          },
          "sensitive_attributes": [],
          "private": "eyJlMmJmYjczMC1lY2FhLTExZTYtOGY4OC0zNDM2M2JjN2M0YzAiOnsiY3JlYXRlIjoxODAwMDAwMDAwMDAwLCJkZWxldGUiOjE4MDAwMDAwMDAwMDAsInJlYWQiOjMwMDAwMDAwMDAwMCwidXBkYXRlIjoxODAwMDAwMDAwMDAwfX0=",
          "dependencies": [
            "azurerm_resource_group.testing",
            "azurerm_virtual_network.testing"
          ]
        }
      ]
    },
    {
      "mode": "managed",
      "type": "azurerm_virtual_network",
      "name": "testing",
      "provider": "provider[\"registry.terraform.io/hashicorp/azurerm\"]",
      "instances": [
        {
          "schema_version": 0,
          "attributes": {
            "address_space": [
              "10.0.0.0/16"
            ],
            "bgp_community": "",
            "ddos_protection_plan": [],
            "dns_servers": [],
            "edge_zone": "",
            "encryption": [],
            "flow_timeout_in_minutes": 0,
            "guid": "29f37f51-d6d8-41d4-afd4-da9c6125b5a4",
            "id": "/subscriptions/a685b01a-c08b-4bc7-b9c5-6b368e786207/resourceGroups/testing-vm/providers/Microsoft.Network/virtualNetworks/testing-network",
            "location": "eastasia",
            "name": "testing-network",
            "resource_group_name": "testing-vm",
            "subnet": [
              {
                "address_prefix": "10.0.2.0/24",
                "id": "/subscriptions/a685b01a-c08b-4bc7-b9c5-6b368e786207/resourceGroups/testing-vm/providers/Microsoft.Network/virtualNetworks/testing-network/subnets/internal",
                "name": "internal",
                "security_group": ""
              }
            ],
            "tags": {},
            "timeouts": null
          },
          "sensitive_attributes": [],
          "private": "eyJlMmJmYjczMC1lY2FhLTExZTYtOGY4OC0zNDM2M2JjN2M0YzAiOnsiY3JlYXRlIjoxODAwMDAwMDAwMDAwLCJkZWxldGUiOjE4MDAwMDAwMDAwMDAsInJlYWQiOjMwMDAwMDAwMDAwMCwidXBkYXRlIjoxODAwMDAwMDAwMDAwfX0=",
          "dependencies": [
            "azurerm_resource_group.testing"
          ]
        }
      ]
    }
  ],
  "check_results": null
}
